{
  "nodes": {
    "nixos-hardware": {
      "locked": {
        "lastModified": 1636877509,
        "narHash": "sha256-0c2fnIlpNqcgxg8JK6Qa3iY4r93MFn2TQ4/3y9W5B7g=",
        "owner": "nixos",
        "repo": "nixos-hardware",
        "rev": "4045d5f43aff4440661d8912fc6e373188d15b5b",
        "type": "github"
      },
      "original": {
        "owner": "nixos",
        "repo": "nixos-hardware",
        "type": "github"
      }
    },
    "nixpkgs": {
      "locked": {
        "lastModified": 1636855248,
        "narHash": "sha256-ISyGm3p9uNvSqsgguK6+Pr0IDJ3pik14wTHZXfF3e/s=",
        "owner": "nixos",
        "repo": "nixpkgs",
        "rev": "195d5816cddc056e07fd2aa3fe81ee6e3f9d96e2",
        "type": "github"
      },
      "original": {
        "owner": "nixos",
        "ref": "nixos-21.05",
        "repo": "nixpkgs",
        "type": "github"
      }
    },
    "nixpkgs-unstable": {
      "locked": {
        "lastModified": 1636800699,
        "narHash": "sha256-SwbyVxXffu3G2ulJIbTf0iQfqhbGbdml4Dyv5j9BiAI=",
        "owner": "nixos",
        "repo": "nixpkgs",
        "rev": "2fa862644fc15ecb525eb8cd0a60276f1c340c7c",
        "type": "github"
      },
      "original": {
        "owner": "nixos",
        "ref": "nixos-unstable",
        "repo": "nixpkgs",
        "type": "github"
      }
    },
    "root": {
      "inputs": {
        "nixos-hardware": "nixos-hardware",
        "nixpkgs": "nixpkgs",
        "nixpkgs-unstable": "nixpkgs-unstable"
      }
    }
  },
  "root": "root",
  "version": 7
}
